version = 1
revision = 3
requires-python = ">=3.9"
resolution-markers = [
    "python_full_version >= '3.10'",
    "python_full_version < '3.10'",
]

[[package]]
name = "boto3"
version = "1.42.97"
source = { registry = "https://pypi.org/simple" }
resolution-markers = [
    "python_full_version < '3.10'",
]
dependencies = [
    { name = "botocore", version = "1.42.97", source = { registry = "https://pypi.org/simple" }, marker = "python_full_version < '3.10'" },
    { name = "jmespath", marker = "python_full_version < '3.10'" },
    { name = "s3transfer", version = "0.16.1", source = { registry = "https://pypi.org/simple" }, marker = "python_full_version < '3.10'" },
]
sdist = { url = "https://files.pythonhosted.org/packages/55/7d/5c6fa0bb9fd5caf865b9356411793900304328bcd0bc1eda96a32a1368a6/boto3-1.42.97.tar.gz", hash = "sha256:2833dbeda3670ea610ad48dff7d27cdc829dbbfcdfbc6b750b673948e949b6f0", size = 113217, upload-time = "2026-04-27T20:39:17.646Z" }
wheels = [
    { url = "https://files.pythonhosted.org/packages/38/43/84c1888139aa1aaf1dc53f8f914e6ec629e5a571fbafdd42fb2d98ac361f/boto3-1.42.97-py3-none-any.whl", hash = "sha256:966e49f0510af9a64057a902b7df53d4348c447de0d3df4cc855dfd85e058fcd", size = 140556, upload-time = "2026-04-27T20:39:15.509Z" },
]

[[package]]
name = "boto3"
version = "1.43.19"
source = { registry = "https://pypi.org/simple" }
resolution-markers = [
    "python_full_version >= '3.10'",
]
dependencies = [
    { name = "botocore", version = "1.43.19", source = { registry = "https://pypi.org/simple" }, marker = "python_full_version >= '3.10'" },
    { name = "jmespath", marker = "python_full_version >= '3.10'" },
    { name = "s3transfer", version = "0.18.0", source = { registry = "https://pypi.org/simple" }, marker = "python_full_version >= '3.10'" },
]
sdist = { url = "https://files.pythonhosted.org/packages/97/da/229987ebb70daf5928f959aa8f4dd77dfcf425e6b0e7ff03aaef61ccc333/boto3-1.43.19.tar.gz", hash = "sha256:8b84704719dd3960ac12a8f37d9ff5adb853715baa9742f84fdbe2de0305c4cb", size = 113225, upload-time = "2026-06-01T19:33:06.514Z" }
wheels = [
    { url = "https://files.pythonhosted.org/packages/be/cc/77097be39d83068f864767b710cee0d8f9cd61331de816dd2675a596c328/boto3-1.43.19-py3-none-any.whl", hash = "sha256:ec6825193b75fbb6bfbf12181e4960d00ad2f404343586765394ce620e63783c", size = 140535, upload-time = "2026-06-01T19:33:03.758Z" },
]

[[package]]
name = "botocore"
version = "1.42.97"
source = { registry = "https://pypi.org/simple" }
resolution-markers = [
    "python_full_version < '3.10'",
]
dependencies = [
    { name = "jmespath", marker = "python_full_version < '3.10'" },
    { name = "python-dateutil", marker = "python_full_version < '3.10'" },
    { name = "urllib3", version = "1.26.20", source = { registry = "https://pypi.org/simple" }, marker = "python_full_version < '3.10'" },
]
sdist = { url = "https://files.pythonhosted.org/packages/c6/95/c37edb602948fad2253ffd1bb3dba5b938645bd1845ee4160350136a0f41/botocore-1.42.97.tar.gz", hash = "sha256:5c0bb00e32d16ff6d278cc8c9e10dc3672d9c1d569031635ac3c908a60de8310", size = 15269348, upload-time = "2026-04-27T20:39:05.625Z" }
wheels = [
    { url = "https://files.pythonhosted.org/packages/e3/d2/8e025ba1a4e257879af72d06913272311af79673d82fa2581a351b924317/botocore-1.42.97-py3-none-any.whl", hash = "sha256:77d2c8ce1bc592d3fbd7c01c35836f4a5b0cac2ca03ccdf6ffc60faa16b5fadc", size = 14950367, upload-time = "2026-04-27T20:39:01.261Z" },
]

[[package]]
name = "botocore"
version = "1.43.19"
source = { registry = "https://pypi.org/simple" }
resolution-markers = [
    "python_full_version >= '3.10'",
]
dependencies = [
    { name = "jmespath", marker = "python_full_version >= '3.10'" },
    { name = "python-dateutil", marker = "python_full_version >= '3.10'" },
    { name = "urllib3", version = "2.7.0", source = { registry = "https://pypi.org/simple" }, marker = "python_full_version >= '3.10'" },
]
sdist = { url = "https://files.pythonhosted.org/packages/e2/a7/298986789785b74a954e2347114993be7e6b070417159125a6865f2687b6/botocore-1.43.19.tar.gz", hash = "sha256:18ac2fdd76c89b940707eb10493ff58678adad337d03215caec2d408ccd43cc0", size = 15435441, upload-time = "2026-06-01T19:32:53.126Z" }
wheels = [
    { url = "https://files.pythonhosted.org/packages/99/75/fe4d45bdd08afd66f3d5273db58f3d8a29365e52ce3a0851f7f5e5900943/botocore-1.43.19-py3-none-any.whl", hash = "sha256:99dbdccbf748974750601e805cecc9362a85d11fee89d6d58cd3f4ff302e6ff9", size = 15117709, upload-time = "2026-06-01T19:32:47.871Z" },
]

[[package]]
name = "jmespath"
version = "1.1.0"
source = { registry = "https://pypi.org/simple" }
sdist = { url = "https://files.pythonhosted.org/packages/d3/59/322338183ecda247fb5d1763a6cbe46eff7222eaeebafd9fa65d4bf5cb11/jmespath-1.1.0.tar.gz", hash = "sha256:472c87d80f36026ae83c6ddd0f1d05d4e510134ed462851fd5f754c8c3cbb88d", size = 27377, upload-time = "2026-01-22T16:35:26.279Z" }
wheels = [
    { url = "https://files.pythonhosted.org/packages/14/2f/967ba146e6d58cf6a652da73885f52fc68001525b4197effc174321d70b4/jmespath-1.1.0-py3-none-any.whl", hash = "sha256:a5663118de4908c91729bea0acadca56526eb2698e83de10cd116ae0f4e97c64", size = 20419, upload-time = "2026-01-22T16:35:24.919Z" },
]

[[package]]
name = "learn-uv"
version = "0.1.0"
source = { editable = "." }
dependencies = [
    { name = "boto3", version = "1.42.97", source = { registry = "https://pypi.org/simple" }, marker = "python_full_version < '3.10'" },
    { name = "boto3", version = "1.43.19", source = { registry = "https://pypi.org/simple" }, marker = "python_full_version >= '3.10'" },
]

[package.metadata]
requires-dist = [{ name = "boto3", specifier = ">=1.42.97" }]

[[package]]
name = "python-dateutil"
version = "2.9.0.post0"
source = { registry = "https://pypi.org/simple" }
dependencies = [
    { name = "six" },
]
sdist = { url = "https://files.pythonhosted.org/packages/66/c0/0c8b6ad9f17a802ee498c46e004a0eb49bc148f2fd230864601a86dcf6db/python-dateutil-2.9.0.post0.tar.gz", hash = "sha256:37dd54208da7e1cd875388217d5e00ebd4179249f90fb72437e91a35459a0ad3", size = 342432, upload-time = "2024-03-01T18:36:20.211Z" }
wheels = [
    { url = "https://files.pythonhosted.org/packages/ec/57/56b9bcc3c9c6a792fcbaf139543cee77261f3651ca9da0c93f5c1221264b/python_dateutil-2.9.0.post0-py2.py3-none-any.whl", hash = "sha256:a8b2bc7bffae282281c8140a97d3aa9c14da0b136dfe83f850eea9a5f7470427", size = 229892, upload-time = "2024-03-01T18:36:18.57Z" },
]

[[package]]
name = "s3transfer"
version = "0.16.1"
source = { registry = "https://pypi.org/simple" }
resolution-markers = [
    "python_full_version < '3.10'",
]
dependencies = [
    { name = "botocore", version = "1.42.97", source = { registry = "https://pypi.org/simple" }, marker = "python_full_version < '3.10'" },
]
sdist = { url = "https://files.pythonhosted.org/packages/46/29/af14f4ef3c11a50435308660e2cc68761c9a7742475e0585cd4396b91777/s3transfer-0.16.1.tar.gz", hash = "sha256:8e424355754b9ccb32467bdc568edf55be82692ef2002d934b1311dbb3b9e524", size = 154801, upload-time = "2026-04-22T20:36:06.475Z" }
wheels = [
    { url = "https://files.pythonhosted.org/packages/03/19/90d7d4ed51932c022d53f1d02d564b62d10e272692a1f9b76425c1ad2a02/s3transfer-0.16.1-py3-none-any.whl", hash = "sha256:61bcd00ccb83b21a0fe7e91a553fff9729d46c83b4e0106e7c314a733891f7c2", size = 86825, upload-time = "2026-04-22T20:36:04.992Z" },
]

[[package]]
name = "s3transfer"
version = "0.18.0"
source = { registry = "https://pypi.org/simple" }
resolution-markers = [
    "python_full_version >= '3.10'",
]
dependencies = [
    { name = "botocore", version = "1.43.19", source = { registry = "https://pypi.org/simple" }, marker = "python_full_version >= '3.10'" },
]
sdist = { url = "https://files.pythonhosted.org/packages/e0/1f/12417f7f493fc45e1f9fd5d4a9b6c125cf8d2cf3f8ddbdfab3e76406e9d6/s3transfer-0.18.0.tar.gz", hash = "sha256:3760b8b7ec1315da54048b2d626276732bee4300d054d492d4e1d43e20d4ecbd", size = 160560, upload-time = "2026-05-28T19:39:09.124Z" }
wheels = [
    { url = "https://files.pythonhosted.org/packages/2b/58/a58fc997655386daa2e25784e30c288aa3e3819e401f77029ee4899fb55a/s3transfer-0.18.0-py3-none-any.whl", hash = "sha256:239c13b09e65ad0346e1be7348b8a202dcad44ac7ea7c6eb858fc881dce739b6", size = 88572, upload-time = "2026-05-28T19:39:07.999Z" },
]

[[package]]
name = "six"
version = "1.17.0"
source = { registry = "https://pypi.org/simple" }
sdist = { url = "https://files.pythonhosted.org/packages/94/e7/b2c673351809dca68a0e064b6af791aa332cf192da575fd474ed7d6f16a2/six-1.17.0.tar.gz", hash = "sha256:ff70335d468e7eb6ec65b95b99d3a2836546063f63acc5171de367e834932a81", size = 34031, upload-time = "2024-12-04T17:35:28.174Z" }
wheels = [
    { url = "https://files.pythonhosted.org/packages/b7/ce/149a00dd41f10bc29e5921b496af8b574d8413afcd5e30dfa0ed46c2cc5e/six-1.17.0-py2.py3-none-any.whl", hash = "sha256:4721f391ed90541fddacab5acf947aa0d3dc7d27b2e1e8eda2be8970586c3274", size = 11050, upload-time = "2024-12-04T17:35:26.475Z" },
]

[[package]]
name = "urllib3"
version = "1.26.20"
source = { registry = "https://pypi.org/simple" }
resolution-markers = [
    "python_full_version < '3.10'",
]
sdist = { url = "https://files.pythonhosted.org/packages/e4/e8/6ff5e6bc22095cfc59b6ea711b687e2b7ed4bdb373f7eeec370a97d7392f/urllib3-1.26.20.tar.gz", hash = "sha256:40c2dc0c681e47eb8f90e7e27bf6ff7df2e677421fd46756da1161c39ca70d32", size = 307380, upload-time = "2024-08-29T15:43:11.37Z" }
wheels = [
    { url = "https://files.pythonhosted.org/packages/33/cf/8435d5a7159e2a9c83a95896ed596f68cf798005fe107cc655b5c5c14704/urllib3-1.26.20-py2.py3-none-any.whl", hash = "sha256:0ed14ccfbf1c30a9072c7ca157e4319b70d65f623e91e7b32fadb2853431016e", size = 144225, upload-time = "2024-08-29T15:43:08.921Z" },
]

[[package]]
name = "urllib3"
version = "2.7.0"
source = { registry = "https://pypi.org/simple" }
resolution-markers = [
    "python_full_version >= '3.10'",
]
sdist = { url = "https://files.pythonhosted.org/packages/53/0c/06f8b233b8fd13b9e5ee11424ef85419ba0d8ba0b3138bf360be2ff56953/urllib3-2.7.0.tar.gz", hash = "sha256:231e0ec3b63ceb14667c67be60f2f2c40a518cb38b03af60abc813da26505f4c", size = 433602, upload-time = "2026-05-07T16:13:18.596Z" }
wheels = [
    { url = "https://files.pythonhosted.org/packages/7f/3e/5db95bcf282c52709639744ca2a8b149baccf648e39c8cc87553df9eae0c/urllib3-2.7.0-py3-none-any.whl", hash = "sha256:9fb4c81ebbb1ce9531cce37674bbc6f1360472bc18ca9a553ede278ef7276897", size = 131087, upload-time = "2026-05-07T16:13:17.151Z" },
]
